{
  "name": "FastNext",
  "lockfileVersion": 3,
  "requires": true,
  "packages": {
    "": {
      "dependencies": {
        "opencode-ai": "^0.15.10"
      }
    },
    "node_modules/opencode-ai": {
      "version": "0.15.10",
      "resolved": "https://registry.npmjs.org/opencode-ai/-/opencode-ai-0.15.10.tgz",
      "integrity": "sha512-Njdrv8wnJvbJG7SVYGOuxkvHW2dr9cWhIePoVI9Oyd72JK4yOuFem9JlMSYYqi4LBRFI1Q+uJKPomiOWhqUq1w==",
      "hasInstallScript": true,
      "bin": {
        "opencode": "bin/opencode"
      },
      "optionalDependencies": {
        "opencode-darwin-arm64": "0.15.10",
        "opencode-darwin-x64": "0.15.10",
        "opencode-darwin-x64-baseline": "0.15.10",
        "opencode-linux-arm64": "0.15.10",
        "opencode-linux-x64": "0.15.10",
        "opencode-linux-x64-baseline": "0.15.10",
        "opencode-windows-x64": "0.15.10"
      }
    },
    "node_modules/opencode-darwin-arm64": {
      "version": "0.15.10",
      "resolved": "https://registry.npmjs.org/opencode-darwin-arm64/-/opencode-darwin-arm64-0.15.10.tgz",
      "integrity": "sha512-Q0NUZtkpnmq1/FGhpZ/yYGo22phnWcIYc5PcZD6tGiHmDTlwD0cifR1+biBkZGCs+xkMds+z57Zxz0HKt/xZTw==",
      "cpu": [
        "arm64"
      ],
      "optional": true,
      "os": [
        "darwin"
      ]
    },
    "node_modules/opencode-darwin-x64": {
      "version": "0.15.10",
      "resolved": "https://registry.npmjs.org/opencode-darwin-x64/-/opencode-darwin-x64-0.15.10.tgz",
      "integrity": "sha512-RYumkP4CKM6Bl6Fc1NoiFYLkaCkT9yq401CS14wvwM5lmJW7A5n9n9mY8YtYq4yDQgUVU25DZNsT9Cp7rSX5qg==",
      "cpu": [
        "x64"
      ],
      "optional": true,
      "os": [
        "darwin"
      ]
    },
    "node_modules/opencode-darwin-x64-baseline": {
      "version": "0.15.10",
      "resolved": "https://registry.npmjs.org/opencode-darwin-x64-baseline/-/opencode-darwin-x64-baseline-0.15.10.tgz",
      "integrity": "sha512-x8P+DWeDoDcuMdTVYW/ZgfTR7vPa6EVi7RZeT4lSQSCLk3F3g2YrPKpMQAlnSc+zEBaaM+xBW/5yWbCvp2Ceuw==",
      "cpu": [
        "x64-baseline"
      ],
      "optional": true,
      "os": [
        "darwin"
      ]
    },
    "node_modules/opencode-linux-arm64": {
      "version": "0.15.10",
      "resolved": "https://registry.npmjs.org/opencode-linux-arm64/-/opencode-linux-arm64-0.15.10.tgz",
      "integrity": "sha512-gCh+MUWugyLoYUnUHXq/USMAIxoIxOdEU9RDX/8qKx69r88mo+Li9l/bOYWI/eZBJoZ8Ej8oFj+4PSCvwI14Eg==",
      "cpu": [
        "arm64"
      ],
      "optional": true,
      "os": [
        "linux"
      ]
    },
    "node_modules/opencode-linux-x64": {
      "version": "0.15.10",
      "resolved": "https://registry.npmjs.org/opencode-linux-x64/-/opencode-linux-x64-0.15.10.tgz",
      "integrity": "sha512-3A7DhhlZNxycUtLEABEQRsb4+Q72ALvKW8uJRg+2mHceFUiG+ocXpffncOdb5efURJw5Ew19ugzAGgStY1QX3A==",
      "cpu": [
        "x64"
      ],
      "optional": true,
      "os": [
        "linux"
      ]
    },
    "node_modules/opencode-linux-x64-baseline": {
      "version": "0.15.10",
      "resolved": "https://registry.npmjs.org/opencode-linux-x64-baseline/-/opencode-linux-x64-baseline-0.15.10.tgz",
      "integrity": "sha512-xkQHTmD28Ove/TZLj262k9n7PfTnsmH67HnuACQzJ4K3bPqeyBpCUjpNJU7+TT9H1sYI7ykhFIJjYjBdKev9/g==",
      "cpu": [
        "x64-baseline"
      ],
      "optional": true,
      "os": [
        "linux"
      ]
    },
    "node_modules/opencode-windows-x64": {
      "version": "0.15.10",
      "resolved": "https://registry.npmjs.org/opencode-windows-x64/-/opencode-windows-x64-0.15.10.tgz",
      "integrity": "sha512-zpkUxEdIYgzPhFie8sfTp06Tmx2tg33ZeMDp/YIcFv5HMWmUDA0aWv8jT1ALj0SxrpjYAteLuD7CdqKFKEVnjA==",
      "cpu": [
        "x64"
      ],
      "optional": true,
      "os": [
        "win32"
      ]
    }
  }
}
